
Microsoft Visual Studio Solution File, Format Version 12.00
Project("{2150E333-8FDC-42A3-9474-1A3956D46DE8}") = "src", "src", "{F8592F5D-8071-42D4-9FE2-E3DE5D41B806}"
EndProject
Project("{FAE04EC0-301F-11D3-BF4B-00C04F79EFBC}") = "Application", "src\Application\Application.csproj", "{4EBF1ACA-69F1-4717-A9F1-A714203573C3}"
EndProject
Project("{FAE04EC0-301F-11D3-BF4B-00C04F79EFBC}") = "Core", "src\Core\Core.csproj", "{1DD9FCC3-6567-419C-96D3-D57B812000F5}"
EndProject
Project("{FAE04EC0-301F-11D3-BF4B-00C04F79EFBC}") = "WebServer", "src\WebServer\WebServer.csproj", "{29835B1B-447F-4A97-9E34-9E6EBCDF3F45}"
EndProject
Project("{FAE04EC0-301F-11D3-BF4B-00C04F79EFBC}") = "Providers.Discord", "src\Providers.Discord\Providers.Discord.csproj", "{399149E7-B9A3-4305-A542-3DA7213AAB7E}"
EndProject
Project("{FAE04EC0-301F-11D3-BF4B-00C04F79EFBC}") = "Providers.EntityFramework", "src\Providers.EntityFramework\Providers.EntityFramework.csproj", "{A4E6181A-A469-44A3-885D-B83052B7CB36}"
EndProject
Project("{FAE04EC0-301F-11D3-BF4B-00C04F79EFBC}") = "Providers.Sqlite", "src\Providers.Sqlite\Providers.Sqlite.csproj", "{855D4AAB-B58F-41D7-B642-73A332076D85}"
EndProject
Project("{2150E333-8FDC-42A3-9474-1A3956D46DE8}") = "repository", "repository", "{587F1259-5774-4144-9CEE-F11E4DAF3300}"
ProjectSection(SolutionItems) = preProject
	README.md = README.md
EndProjectSection
EndProject
Global
	GlobalSection(SolutionConfigurationPlatforms) = preSolution
		Debug|Any CPU = Debug|Any CPU
		Release|Any CPU = Release|Any CPU
	EndGlobalSection
	GlobalSection(ProjectConfigurationPlatforms) = postSolution
		{4EBF1ACA-69F1-4717-A9F1-A714203573C3}.Debug|Any CPU.ActiveCfg = Debug|Any CPU
		{4EBF1ACA-69F1-4717-A9F1-A714203573C3}.Debug|Any CPU.Build.0 = Debug|Any CPU
		{4EBF1ACA-69F1-4717-A9F1-A714203573C3}.Release|Any CPU.ActiveCfg = Release|Any CPU
		{4EBF1ACA-69F1-4717-A9F1-A714203573C3}.Release|Any CPU.Build.0 = Release|Any CPU
		{1DD9FCC3-6567-419C-96D3-D57B812000F5}.Debug|Any CPU.ActiveCfg = Debug|Any CPU
		{1DD9FCC3-6567-419C-96D3-D57B812000F5}.Debug|Any CPU.Build.0 = Debug|Any CPU
		{1DD9FCC3-6567-419C-96D3-D57B812000F5}.Release|Any CPU.ActiveCfg = Release|Any CPU
		{1DD9FCC3-6567-419C-96D3-D57B812000F5}.Release|Any CPU.Build.0 = Release|Any CPU
		{29835B1B-447F-4A97-9E34-9E6EBCDF3F45}.Debug|Any CPU.ActiveCfg = Debug|Any CPU
		{29835B1B-447F-4A97-9E34-9E6EBCDF3F45}.Debug|Any CPU.Build.0 = Debug|Any CPU
		{29835B1B-447F-4A97-9E34-9E6EBCDF3F45}.Release|Any CPU.ActiveCfg = Release|Any CPU
		{29835B1B-447F-4A97-9E34-9E6EBCDF3F45}.Release|Any CPU.Build.0 = Release|Any CPU
		{399149E7-B9A3-4305-A542-3DA7213AAB7E}.Debug|Any CPU.ActiveCfg = Debug|Any CPU
		{399149E7-B9A3-4305-A542-3DA7213AAB7E}.Debug|Any CPU.Build.0 = Debug|Any CPU
		{399149E7-B9A3-4305-A542-3DA7213AAB7E}.Release|Any CPU.ActiveCfg = Release|Any CPU
		{399149E7-B9A3-4305-A542-3DA7213AAB7E}.Release|Any CPU.Build.0 = Release|Any CPU
		{A4E6181A-A469-44A3-885D-B83052B7CB36}.Debug|Any CPU.ActiveCfg = Debug|Any CPU
		{A4E6181A-A469-44A3-885D-B83052B7CB36}.Debug|Any CPU.Build.0 = Debug|Any CPU
		{A4E6181A-A469-44A3-885D-B83052B7CB36}.Release|Any CPU.ActiveCfg = Release|Any CPU
		{A4E6181A-A469-44A3-885D-B83052B7CB36}.Release|Any CPU.Build.0 = Release|Any CPU
		{855D4AAB-B58F-41D7-B642-73A332076D85}.Debug|Any CPU.ActiveCfg = Debug|Any CPU
		{855D4AAB-B58F-41D7-B642-73A332076D85}.Debug|Any CPU.Build.0 = Debug|Any CPU
		{855D4AAB-B58F-41D7-B642-73A332076D85}.Release|Any CPU.ActiveCfg = Release|Any CPU
		{855D4AAB-B58F-41D7-B642-73A332076D85}.Release|Any CPU.Build.0 = Release|Any CPU
	EndGlobalSection
	GlobalSection(NestedProjects) = preSolution
		{4EBF1ACA-69F1-4717-A9F1-A714203573C3} = {F8592F5D-8071-42D4-9FE2-E3DE5D41B806}
		{1DD9FCC3-6567-419C-96D3-D57B812000F5} = {F8592F5D-8071-42D4-9FE2-E3DE5D41B806}
		{29835B1B-447F-4A97-9E34-9E6EBCDF3F45} = {F8592F5D-8071-42D4-9FE2-E3DE5D41B806}
		{399149E7-B9A3-4305-A542-3DA7213AAB7E} = {F8592F5D-8071-42D4-9FE2-E3DE5D41B806}
		{A4E6181A-A469-44A3-885D-B83052B7CB36} = {F8592F5D-8071-42D4-9FE2-E3DE5D41B806}
		{855D4AAB-B58F-41D7-B642-73A332076D85} = {F8592F5D-8071-42D4-9FE2-E3DE5D41B806}
	EndGlobalSection
EndGlobal
